{
    "name": "cluster-boilerplate",
    "version": "1.1.0",
    "lockfileVersion": 2,
    "requires": true,
    "packages": {
        "": {
            "name": "cluster-boilerplate",
            "version": "1.1.0",
            "license": "ISC",
            "bin": {
                "node-cluser-template": "src/index.js"
            }
        }
    }
}
